Microsoft Visual Studio Solution File, Format Version 12.00
# Visual Studio Version 17
VisualStudioVersion = 17.5.2.0
MinimumVisualStudioVersion = 10.0.40219.1
Project("{FAE04EC0-301F-11D3-BF4B-00C04F79EFBC}") = "ElasticsearchDemo", "ElasticsearchDemo.csproj", "{CC5AE48A-5F1D-52AC-D023-7E4AB2B3732E}"
EndProject
Global
	GlobalSection(SolutionConfigurationPlatforms) = preSolution
		Debug|Any CPU = Debug|Any CPU
		Release|Any CPU = Release|Any CPU
	EndGlobalSection
	GlobalSection(ProjectConfigurationPlatforms) = postSolution
		{CC5AE48A-5F1D-52AC-D023-7E4AB2B3732E}.Debug|Any CPU.ActiveCfg = Debug|Any CPU
		{CC5AE48A-5F1D-52AC-D023-7E4AB2B3732E}.Debug|Any CPU.Build.0 = Debug|Any CPU
		{CC5AE48A-5F1D-52AC-D023-7E4AB2B3732E}.Release|Any CPU.ActiveCfg = Release|Any CPU
		{CC5AE48A-5F1D-52AC-D023-7E4AB2B3732E}.Release|Any CPU.Build.0 = Release|Any CPU
	EndGlobalSection
	GlobalSection(SolutionProperties) = preSolution
		HideSolutionNode = FALSE
	EndGlobalSection
	GlobalSection(ExtensibilityGlobals) = postSolution
		SolutionGuid = {F05065F4-A294-4171-A3B8-09447ACAEF16}
	EndGlobalSection
EndGlobal
